
Microsoft Visual Studio Solution File, Format Version 12.00
# Visual Studio 2015
Project("{FAE04EC0-301F-11D3-BF4B-00C04F79EFBC}") = "PlayerAdventure2_6", "PlayerAdventure2_6.csproj", "{D0564647-FF65-7923-C4FE-886AB5650E36}"
EndProject
Project("{FAE04EC0-301F-11D3-BF4B-00C04F79EFBC}") = "PlayerAdventure2_6.Editor", "PlayerAdventure2_6.Editor.csproj", "{045E7009-BAC1-0129-5D0D-41215D4999EE}"
EndProject
Global
	GlobalSection(SolutionConfigurationPlatforms) = preSolution
		Debug|Any CPU = Debug|Any CPU
		Release|Any CPU = Release|Any CPU
	EndGlobalSection
	GlobalSection(ProjectConfigurationPlatforms) = postSolution
		{D0564647-FF65-7923-C4FE-886AB5650E36}.Debug|Any CPU.ActiveCfg = Debug|Any CPU
		{D0564647-FF65-7923-C4FE-886AB5650E36}.Debug|Any CPU.Build.0 = Debug|Any CPU
		{D0564647-FF65-7923-C4FE-886AB5650E36}.Release|Any CPU.ActiveCfg = Release|Any CPU
		{D0564647-FF65-7923-C4FE-886AB5650E36}.Release|Any CPU.Build.0 = Release|Any CPU
		{045E7009-BAC1-0129-5D0D-41215D4999EE}.Debug|Any CPU.ActiveCfg = Debug|Any CPU
		{045E7009-BAC1-0129-5D0D-41215D4999EE}.Debug|Any CPU.Build.0 = Debug|Any CPU
		{045E7009-BAC1-0129-5D0D-41215D4999EE}.Release|Any CPU.ActiveCfg = Release|Any CPU
		{045E7009-BAC1-0129-5D0D-41215D4999EE}.Release|Any CPU.Build.0 = Release|Any CPU
	EndGlobalSection
	GlobalSection(SolutionProperties) = preSolution
		HideSolutionNode = FALSE
	EndGlobalSection
EndGlobal
